Microsoft Visual Studio Solution File, Format Version 12.00
# Visual Studio 2012
Project("{F184B08F-C81C-45F6-A57F-5ABD9991F28F}") = "XtraChart_PointOptions", "XtraChart_PointOptions\XtraChart_PointOptions.vbproj", "{AEA2DE60-B334-4230-B3FD-8FBFC8100CB0}"
EndProject
Global
	GlobalSection(SolutionConfigurationPlatforms) = preSolution
		Debug|Any CPU = Debug|Any CPU
		Release|Any CPU = Release|Any CPU
	EndGlobalSection
	GlobalSection(ProjectConfigurationPlatforms) = postSolution
		{AEA2DE60-B334-4230-B3FD-8FBFC8100CB0}.Debug|Any CPU.ActiveCfg = Debug|Any CPU
		{AEA2DE60-B334-4230-B3FD-8FBFC8100CB0}.Debug|Any CPU.Build.0 = Debug|Any CPU
		{AEA2DE60-B334-4230-B3FD-8FBFC8100CB0}.Release|Any CPU.ActiveCfg = Release|Any CPU
		{AEA2DE60-B334-4230-B3FD-8FBFC8100CB0}.Release|Any CPU.Build.0 = Release|Any CPU
	EndGlobalSection
	GlobalSection(SolutionProperties) = preSolution
		HideSolutionNode = FALSE
	EndGlobalSection
EndGlobal
